
Microsoft Visual Studio Solution File, Format Version 12.00
# Visual Studio Version 17
VisualStudioVersion = 17.5.33424.131
MinimumVisualStudioVersion = 10.0.40219.1
Project("{FAE04EC0-301F-11D3-BF4B-00C04F79EFBC}") = "School", "School.csproj", "{CCFD801B-5D54-4AD5-A925-89B45650FD68}"
EndProject
Global
	GlobalSection(SolutionConfigurationPlatforms) = preSolution
		Debug|Any CPU = Debug|Any CPU
		Release|Any CPU = Release|Any CPU
	EndGlobalSection
	GlobalSection(ProjectConfigurationPlatforms) = postSolution
		{CCFD801B-5D54-4AD5-A925-89B45650FD68}.Debug|Any CPU.ActiveCfg = Debug|Any CPU
		{CCFD801B-5D54-4AD5-A925-89B45650FD68}.Debug|Any CPU.Build.0 = Debug|Any CPU
		{CCFD801B-5D54-4AD5-A925-89B45650FD68}.Release|Any CPU.ActiveCfg = Release|Any CPU
		{CCFD801B-5D54-4AD5-A925-89B45650FD68}.Release|Any CPU.Build.0 = Release|Any CPU
	EndGlobalSection
	GlobalSection(SolutionProperties) = preSolution
		HideSolutionNode = FALSE
	EndGlobalSection
	GlobalSection(ExtensibilityGlobals) = postSolution
		SolutionGuid = {120B3379-28D8-420B-89FB-1F1CF286B421}
	EndGlobalSection
EndGlobal
